
Microsoft Visual Studio Solution File, Format Version 12.00
# Visual Studio Version 16
VisualStudioVersion = 16.0.29905.134
MinimumVisualStudioVersion = 10.0.40219.1
Project("{FAE04EC0-301F-11D3-BF4B-00C04F79EFBC}") = "SOLID_Principals", "SOLID_Principals\SOLID_Principals.csproj", "{F4D4E97A-2774-442A-8488-46FF2101A29D}"
EndProject
Global
	GlobalSection(SolutionConfigurationPlatforms) = preSolution
		Debug|Any CPU = Debug|Any CPU
		Release|Any CPU = Release|Any CPU
	EndGlobalSection
	GlobalSection(ProjectConfigurationPlatforms) = postSolution
		{F4D4E97A-2774-442A-8488-46FF2101A29D}.Debug|Any CPU.ActiveCfg = Debug|Any CPU
		{F4D4E97A-2774-442A-8488-46FF2101A29D}.Debug|Any CPU.Build.0 = Debug|Any CPU
		{F4D4E97A-2774-442A-8488-46FF2101A29D}.Release|Any CPU.ActiveCfg = Release|Any CPU
		{F4D4E97A-2774-442A-8488-46FF2101A29D}.Release|Any CPU.Build.0 = Release|Any CPU
	EndGlobalSection
	GlobalSection(SolutionProperties) = preSolution
		HideSolutionNode = FALSE
	EndGlobalSection
	GlobalSection(ExtensibilityGlobals) = postSolution
		SolutionGuid = {AF98EC1E-848C-48C3-A193-0E09BE8726EE}
	EndGlobalSection
EndGlobal
